
Microsoft Visual Studio Solution File, Format Version 12.00
# Visual Studio Version 16
VisualStudioVersion = 16.0.32407.337
MinimumVisualStudioVersion = 10.0.40219.1
Project("{8BC9CEB8-8B4A-11D0-8D11-00A0C91BC942}") = "Project1", "Project1.vcxproj", "{1D61F6D3-AB74-4069-818C-AB38BEEFF3D5}"
EndProject
Global
	GlobalSection(SolutionConfigurationPlatforms) = preSolution
		Debug|x64 = Debug|x64
		Debug|x86 = Debug|x86
		Release|x64 = Release|x64
		Release|x86 = Release|x86
	EndGlobalSection
	GlobalSection(ProjectConfigurationPlatforms) = postSolution
		{1D61F6D3-AB74-4069-818C-AB38BEEFF3D5}.Debug|x64.ActiveCfg = Debug|x64
		{1D61F6D3-AB74-4069-818C-AB38BEEFF3D5}.Debug|x64.Build.0 = Debug|x64
		{1D61F6D3-AB74-4069-818C-AB38BEEFF3D5}.Debug|x86.ActiveCfg = Debug|Win32
		{1D61F6D3-AB74-4069-818C-AB38BEEFF3D5}.Debug|x86.Build.0 = Debug|Win32
		{1D61F6D3-AB74-4069-818C-AB38BEEFF3D5}.Release|x64.ActiveCfg = Release|x64
		{1D61F6D3-AB74-4069-818C-AB38BEEFF3D5}.Release|x64.Build.0 = Release|x64
		{1D61F6D3-AB74-4069-818C-AB38BEEFF3D5}.Release|x86.ActiveCfg = Release|Win32
		{1D61F6D3-AB74-4069-818C-AB38BEEFF3D5}.Release|x86.Build.0 = Release|Win32
	EndGlobalSection
	GlobalSection(SolutionProperties) = preSolution
		HideSolutionNode = FALSE
	EndGlobalSection
	GlobalSection(ExtensibilityGlobals) = postSolution
		SolutionGuid = {ADC6CD0A-8815-4696-B883-03E4E6E25F26}
	EndGlobalSection
EndGlobal
